<?xml version="1.0" encoding="utf-8"?>
<Project ToolsVersion="4.0" xmlns="http://schemas.microsoft.com/developer/msbuild/2003">
  <ItemGroup>
    <Filter Include="Fichiers sources">
      <UniqueIdentifier>{4FC737F1-C7A5-4376-A066-2A32D752A2FF}</UniqueIdentifier>
      <Extensions>cpp;c;cc;cxx;c++;cppm;ixx;def;odl;idl;hpj;bat;asm;asmx</Extensions>
    </Filter>
    <Filter Include="Fichiers d%27en-tête">
      <UniqueIdentifier>{93995380-89BD-4b04-88EB-625FBE52EBFB}</UniqueIdentifier>
      <Extensions>h;hh;hpp;hxx;h++;hm;inl;inc;ipp;xsd</Extensions>
    </Filter>
    <Filter Include="Fichiers de ressources">
      <UniqueIdentifier>{67DA6AB6-F800-4c08-8B7A-83BB121AAD01}</UniqueIdentifier>
      <Extensions>rc;ico;cur;bmp;dlg;rc2;rct;bin;rgs;gif;jpg;jpeg;jpe;resx;tiff;tif;png;wav;mfcribbon-ms</Extensions>
    </Filter>
    <Filter Include="Fichiers sources\c">
      <UniqueIdentifier>{0d0c6507-301f-49aa-a634-59a4cfb8ecf2}</UniqueIdentifier>
    </Filter>
    <Filter Include="Fichiers sources\cpp">
      <UniqueIdentifier>{5114cf9e-ddbf-48cf-987c-d7391303aa26}</UniqueIdentifier>
    </Filter>
    <Filter Include="Fichiers sources\classExample">
      <UniqueIdentifier>{3b177b20-c656-4aef-a02f-3587c74afa4b}</UniqueIdentifier>
    </Filter>
    <Filter Include="Fichiers sources\classExample\module3">
      <UniqueIdentifier>{7aa1f778-a2d0-49b0-af64-e48642395cc7}</UniqueIdentifier>
    </Filter>
    <Filter Include="Fichiers sources\classExample\module4">
      <UniqueIdentifier>{5c607393-3840-4ec1-a9f1-ab897c0f631c}</UniqueIdentifier>
    </Filter>
  </ItemGroup>
  <ItemGroup>
    <ClCompile Include="albatros.c">
      <Filter>Fichiers sources\c</Filter>
    </ClCompile>
    <ClCompile Include="atomicElement.c">
      <Filter>Fichiers sources\c</Filter>
    </ClCompile>
    <ClCompile Include="binaryTree.c">
      <Filter>Fichiers sources\c</Filter>
    </ClCompile>
    <ClCompile Include="cards.c">
      <Filter>Fichiers sources\c</Filter>
    </ClCompile>
    <ClCompile Include="circle.c">
      <Filter>Fichiers sources\c</Filter>
    </ClCompile>
    <ClCompile Include="doubleLinkedList.c">
      <Filter>Fichiers sources\c</Filter>
    </ClCompile>
    <ClCompile Include="exo.c">
      <Filter>Fichiers sources\c</Filter>
    </ClCompile>
    <ClCompile Include="fahrenheitToCelsius.c">
      <Filter>Fichiers sources\c</Filter>
    </ClCompile>
    <ClCompile Include="fileDoubleSpace.c">
      <Filter>Fichiers sources\c</Filter>
    </ClCompile>
    <ClCompile Include="fileToArray.c">
      <Filter>Fichiers sources\c</Filter>
    </ClCompile>
    <ClCompile Include="fileToTree.c">
      <Filter>Fichiers sources\c</Filter>
    </ClCompile>
    <ClCompile Include="hw_prog.c">
      <Filter>Fichiers sources\c</Filter>
    </ClCompile>
    <ClCompile Include="list.c">
      <Filter>Fichiers sources\c</Filter>
    </ClCompile>
    <ClCompile Include="marathon.c">
      <Filter>Fichiers sources\c</Filter>
    </ClCompile>
    <ClCompile Include="printDays.c">
      <Filter>Fichiers sources\c</Filter>
    </ClCompile>
    <ClCompile Include="reversesString.c">
      <Filter>Fichiers sources\c</Filter>
    </ClCompile>
    <ClCompile Include="sealAverage.c">
      <Filter>Fichiers sources\c</Filter>
    </ClCompile>
    <ClCompile Include="sine.c">
      <Filter>Fichiers sources\c</Filter>
    </ClCompile>
    <ClCompile Include="sphere.c">
      <Filter>Fichiers sources\c</Filter>
    </ClCompile>
    <ClCompile Include="test.c">
      <Filter>Fichiers sources\c</Filter>
    </ClCompile>
    <ClCompile Include="milesToKilometers.cpp">
      <Filter>Fichiers sources\cpp</Filter>
    </ClCompile>
    <ClCompile Include="newFeature.cpp">
      <Filter>Fichiers sources\cpp</Filter>
    </ClCompile>
    <ClCompile Include="dice.cpp">
      <Filter>Fichiers sources\cpp</Filter>
    </ClCompile>
    <ClCompile Include="sumTemplate.cpp">
      <Filter>Fichiers sources\cpp</Filter>
    </ClCompile>
    <ClCompile Include="codeConversion.cpp">
      <Filter>Fichiers sources\cpp</Filter>
    </ClCompile>
    <ClCompile Include="point.cpp">
      <Filter>Fichiers sources\cpp</Filter>
    </ClCompile>
    <ClCompile Include="Dijikstra.cpp">
      <Filter>Fichiers sources\cpp</Filter>
    </ClCompile>
    <ClCompile Include="slist.cpp">
      <Filter>Fichiers sources\cpp</Filter>
    </ClCompile>
    <ClCompile Include="isConnectedGraph.cpp">
      <Filter>Fichiers sources\cpp</Filter>
    </ClCompile>
    <ClCompile Include="test.cpp">
      <Filter>Fichiers sources\cpp</Filter>
    </ClCompile>
    <ClCompile Include="MST.cpp">
      <Filter>Fichiers sources\cpp</Filter>
    </ClCompile>
    <ClCompile Include="STL_example.cpp">
      <Filter>Fichiers sources\cpp</Filter>
    </ClCompile>
    <ClCompile Include="vector_ex.cpp">
      <Filter>Fichiers sources\cpp</Filter>
    </ClCompile>
    <ClCompile Include="STLinputFile.cpp">
      <Filter>Fichiers sources\cpp</Filter>
    </ClCompile>
    <ClCompile Include="iterator.cpp">
      <Filter>Fichiers sources\cpp</Filter>
    </ClCompile>
    <ClCompile Include="randomGraph.cpp">
      <Filter>Fichiers sources\cpp</Filter>
    </ClCompile>
    <ClCompile Include="MapExample.cpp">
      <Filter>Fichiers sources\classExample</Filter>
    </ClCompile>
    <ClCompile Include="forEach.cpp">
      <Filter>Fichiers sources\classExample</Filter>
    </ClCompile>
    <ClCompile Include="numerical.cpp">
      <Filter>Fichiers sources\classExample</Filter>
    </ClCompile>
    <ClCompile Include="pokerProbability.cpp">
      <Filter>Fichiers sources\classExample</Filter>
    </ClCompile>
    <ClCompile Include="palindrome.cpp">
      <Filter>Fichiers sources\classExample</Filter>
    </ClCompile>
    <ClCompile Include="map.cpp">
      <Filter>Fichiers sources\classExample</Filter>
    </ClCompile>
    <ClCompile Include="generator.cpp">
      <Filter>Fichiers sources\classExample</Filter>
    </ClCompile>
    <ClCompile Include="functionAdapter.cpp">
      <Filter>Fichiers sources\classExample</Filter>
    </ClCompile>
    <ClCompile Include="tuple_random_lambda.cpp">
      <Filter>Fichiers sources\classExample</Filter>
    </ClCompile>
    <ClCompile Include="mc_2.cpp">
      <Filter>Fichiers sources\classExample</Filter>
    </ClCompile>
    <ClCompile Include="point_class.cpp">
      <Filter>Fichiers sources\classExample</Filter>
    </ClCompile>
    <ClCompile Include="point2.cpp">
      <Filter>Fichiers sources\classExample</Filter>
    </ClCompile>
    <ClCompile Include="grad_old.cpp">
      <Filter>Fichiers sources\classExample</Filter>
    </ClCompile>
    <ClCompile Include="grad_new.cpp">
      <Filter>Fichiers sources\classExample</Filter>
    </ClCompile>
    <ClCompile Include="virt_f.cpp">
      <Filter>Fichiers sources\classExample</Filter>
    </ClCompile>
    <ClCompile Include="hex.cpp">
      <Filter>Fichiers sources\cpp</Filter>
    </ClCompile>
    <ClCompile Include="movesemantics.cpp">
      <Filter>Fichiers sources\classExample\module3</Filter>
    </ClCompile>
    <ClCompile Include="my_container.cpp">
      <Filter>Fichiers sources\classExample\module3</Filter>
    </ClCompile>
    <ClCompile Include="tarray.cpp">
      <Filter>Fichiers sources\classExample\module3</Filter>
    </ClCompile>
    <ClCompile Include="polish-v2.cpp">
      <Filter>Fichiers sources\classExample\module3</Filter>
    </ClCompile>
    <ClCompile Include="smt_ptr.cpp">
      <Filter>Fichiers sources\classExample\module3</Filter>
    </ClCompile>
    <ClCompile Include="test_v5.cpp">
      <Filter>Fichiers sources\classExample\module3</Filter>
    </ClCompile>
    <ClCompile Include="pickRandomElement.cpp">
      <Filter>Fichiers sources\classExample\module4</Filter>
    </ClCompile>
    <ClCompile Include="mc-2.cpp">
      <Filter>Fichiers sources\classExample\module4</Filter>
    </ClCompile>
    <ClCompile Include="assert-ex1.cpp">
      <Filter>Fichiers sources\classExample\module4</Filter>
    </ClCompile>
    <ClCompile Include="assert-ex2.cpp">
      <Filter>Fichiers sources\classExample\module4</Filter>
    </ClCompile>
    <ClCompile Include="except-ex1.cpp">
      <Filter>Fichiers sources\classExample\module4</Filter>
    </ClCompile>
    <ClCompile Include="threading.cpp">
      <Filter>Fichiers sources\classExample\module4</Filter>
    </ClCompile>
  </ItemGroup>
</Project>